// !$*UTF8*$!
{
	archiveVersion = 1;
	classes = {
	};
	objectVersion = 77;
	objects = {

/* Begin PBXBuildFile section */
		08A1C33D2D1D06D400B1F14E /* FirebaseFirestore in Frameworks */ = {isa = PBXBuildFile; productRef = 08A1C33C2D1D06D400B1F14E /* FirebaseFirestore */; };
		08A1C3412D1D06E100B1F14E /* FirebaseAuth in Frameworks */ = {isa = PBXBuildFile; productRef = 08A1C3402D1D06E100B1F14E /* FirebaseAuth */; };
		08A1C34E2D216F6700B1F14E /* Cloudinary in Frameworks */ = {isa = PBXBuildFile; productRef = 08A1C34D2D216F6700B1F14E /* Cloudinary */; };
		08A1C51F2D32CC8200B1F14E /* WidgetKit.framework in Frameworks */ = {isa = PBXBuildFile; fileRef = 08A1C4352D32963B00B1F14E /* WidgetKit.framework */; };
		08A1C5202D32CC8200B1F14E /* SwiftUI.framework in Frameworks */ = {isa = PBXBuildFile; fileRef = 08A1C4372D32963B00B1F14E /* SwiftUI.framework */; };
		08A1C52D2D32CC8400B1F14E /* GroupActivityExtension.appex in Embed Foundation Extensions */ = {isa = PBXBuildFile; fileRef = 08A1C51E2D32CC8200B1F14E /* GroupActivityExtension.appex */; settings = {ATTRIBUTES = (RemoveHeadersOnCopy, ); }; };
		08C010682D36E6380010F0A7 /* FirebaseMessaging in Frameworks */ = {isa = PBXBuildFile; productRef = 08C010672D36E6380010F0A7 /* FirebaseMessaging */; };
/* End PBXBuildFile section */

/* Begin PBXContainerItemProxy section */
		08A1C52B2D32CC8400B1F14E /* PBXContainerItemProxy */ = {
			isa = PBXContainerItemProxy;
			containerPortal = 08E994DE2D15B6B600789E4C /* Project object */;
			proxyType = 1;
			remoteGlobalIDString = 08A1C51D2D32CC8200B1F14E;
			remoteInfo = GroupActivityExtension;
		};
		08E994F72D15B6B800789E4C /* PBXContainerItemProxy */ = {
			isa = PBXContainerItemProxy;
			containerPortal = 08E994DE2D15B6B600789E4C /* Project object */;
			proxyType = 1;
			remoteGlobalIDString = 08E994E52D15B6B600789E4C;
			remoteInfo = will_prj;
		};
		08E995012D15B6B800789E4C /* PBXContainerItemProxy */ = {
			isa = PBXContainerItemProxy;
			containerPortal = 08E994DE2D15B6B600789E4C /* Project object */;
			proxyType = 1;
			remoteGlobalIDString = 08E994E52D15B6B600789E4C;
			remoteInfo = will_prj;
		};
/* End PBXContainerItemProxy section */

/* Begin PBXCopyFilesBuildPhase section */
		08A1C44E2D32963D00B1F14E /* Embed Foundation Extensions */ = {
			isa = PBXCopyFilesBuildPhase;
			buildActionMask = 2147483647;
			dstPath = "";
			dstSubfolderSpec = 13;
			files = (
				08A1C52D2D32CC8400B1F14E /* GroupActivityExtension.appex in Embed Foundation Extensions */,
			);
			name = "Embed Foundation Extensions";
			runOnlyForDeploymentPostprocessing = 0;
		};
/* End PBXCopyFilesBuildPhase section */

/* Begin PBXFileReference section */
		08A1C4352D32963B00B1F14E /* WidgetKit.framework */ = {isa = PBXFileReference; lastKnownFileType = wrapper.framework; name = WidgetKit.framework; path = System/Library/Frameworks/WidgetKit.framework; sourceTree = SDKROOT; };
		08A1C4372D32963B00B1F14E /* SwiftUI.framework */ = {isa = PBXFileReference; lastKnownFileType = wrapper.framework; name = SwiftUI.framework; path = System/Library/Frameworks/SwiftUI.framework; sourceTree = SDKROOT; };
		08A1C51E2D32CC8200B1F14E /* GroupActivityExtension.appex */ = {isa = PBXFileReference; explicitFileType = "wrapper.app-extension"; includeInIndex = 0; path = GroupActivityExtension.appex; sourceTree = BUILT_PRODUCTS_DIR; };
		08E994E62D15B6B600789E4C /* will_prj.app */ = {isa = PBXFileReference; explicitFileType = wrapper.application; includeInIndex = 0; path = will_prj.app; sourceTree = BUILT_PRODUCTS_DIR; };
		08E994F62D15B6B800789E4C /* will_prjTests.xctest */ = {isa = PBXFileReference; explicitFileType = wrapper.cfbundle; includeInIndex = 0; path = will_prjTests.xctest; sourceTree = BUILT_PRODUCTS_DIR; };
		08E995002D15B6B800789E4C /* will_prjUITests.xctest */ = {isa = PBXFileReference; explicitFileType = wrapper.cfbundle; includeInIndex = 0; path = will_prjUITests.xctest; sourceTree = BUILT_PRODUCTS_DIR; };
/* End PBXFileReference section */

/* Begin PBXFileSystemSynchronizedBuildFileExceptionSet section */
		08A1C52E2D32CC8400B1F14E /* Exceptions for "GroupActivity" folder in "GroupActivityExtension" target */ = {
			isa = PBXFileSystemSynchronizedBuildFileExceptionSet;
			membershipExceptions = (
				Info.plist,
			);
			target = 08A1C51D2D32CC8200B1F14E /* GroupActivityExtension */;
		};
		08A1C5582D32E22000B1F14E /* Exceptions for "GroupActivity" folder in "will_prj" target */ = {
			isa = PBXFileSystemSynchronizedBuildFileExceptionSet;
			membershipExceptions = (
				Assets.xcassets,
				GroupActivityLiveActivity.swift,
			);
			target = 08E994E52D15B6B600789E4C /* will_prj */;
		};
		08A1C5912D35B5B300B1F14E /* Exceptions for "will_prj" folder in "GroupActivityExtension" target */ = {
			isa = PBXFileSystemSynchronizedBuildFileExceptionSet;
			membershipExceptions = (
				Assets.xcassets,
			);
			target = 08A1C51D2D32CC8200B1F14E /* GroupActivityExtension */;
		};
/* End PBXFileSystemSynchronizedBuildFileExceptionSet section */

/* Begin PBXFileSystemSynchronizedRootGroup section */
		08A1C5212D32CC8200B1F14E /* GroupActivity */ = {
			isa = PBXFileSystemSynchronizedRootGroup;
			exceptions = (
				08A1C5582D32E22000B1F14E /* Exceptions for "GroupActivity" folder in "will_prj" target */,
				08A1C52E2D32CC8400B1F14E /* Exceptions for "GroupActivity" folder in "GroupActivityExtension" target */,
			);
			path = GroupActivity;
			sourceTree = "<group>";
		};
		08E994E82D15B6B600789E4C /* will_prj */ = {
			isa = PBXFileSystemSynchronizedRootGroup;
			exceptions = (
				08A1C5912D35B5B300B1F14E /* Exceptions for "will_prj" folder in "GroupActivityExtension" target */,
			);
			path = will_prj;
			sourceTree = "<group>";
		};
		08E994F92D15B6B800789E4C /* will_prjTests */ = {
			isa = PBXFileSystemSynchronizedRootGroup;
			path = will_prjTests;
			sourceTree = "<group>";
		};
		08E995032D15B6B800789E4C /* will_prjUITests */ = {
			isa = PBXFileSystemSynchronizedRootGroup;
			path = will_prjUITests;
			sourceTree = "<group>";
		};
/* End PBXFileSystemSynchronizedRootGroup section */

/* Begin PBXFrameworksBuildPhase section */
		08A1C51B2D32CC8200B1F14E /* Frameworks */ = {
			isa = PBXFrameworksBuildPhase;
			buildActionMask = 2147483647;
			files = (
				08A1C5202D32CC8200B1F14E /* SwiftUI.framework in Frameworks */,
				08A1C51F2D32CC8200B1F14E /* WidgetKit.framework in Frameworks */,
			);
			runOnlyForDeploymentPostprocessing = 0;
		};
		08E994E32D15B6B600789E4C /* Frameworks */ = {
			isa = PBXFrameworksBuildPhase;
			buildActionMask = 2147483647;
			files = (
				08C010682D36E6380010F0A7 /* FirebaseMessaging in Frameworks */,
				08A1C33D2D1D06D400B1F14E /* FirebaseFirestore in Frameworks */,
				08A1C34E2D216F6700B1F14E /* Cloudinary in Frameworks */,
				08A1C3412D1D06E100B1F14E /* FirebaseAuth in Frameworks */,
			);
			runOnlyForDeploymentPostprocessing = 0;
		};
		08E994F32D15B6B800789E4C /* Frameworks */ = {
			isa = PBXFrameworksBuildPhase;
			buildActionMask = 2147483647;
			files = (
			);
			runOnlyForDeploymentPostprocessing = 0;
		};
		08E994FD2D15B6B800789E4C /* Frameworks */ = {
			isa = PBXFrameworksBuildPhase;
			buildActionMask = 2147483647;
			files = (
			);
			runOnlyForDeploymentPostprocessing = 0;
		};
/* End PBXFrameworksBuildPhase section */

/* Begin PBXGroup section */
		08A1C33B2D1D06D400B1F14E /* Frameworks */ = {
			isa = PBXGroup;
			children = (
				08A1C4352D32963B00B1F14E /* WidgetKit.framework */,
				08A1C4372D32963B00B1F14E /* SwiftUI.framework */,
			);
			name = Frameworks;
			sourceTree = "<group>";
		};
		08E994DD2D15B6B600789E4C = {
			isa = PBXGroup;
			children = (
				08E994E82D15B6B600789E4C /* will_prj */,
				08E994F92D15B6B800789E4C /* will_prjTests */,
				08E995032D15B6B800789E4C /* will_prjUITests */,
				08A1C5212D32CC8200B1F14E /* GroupActivity */,
				08A1C33B2D1D06D400B1F14E /* Frameworks */,
				08E994E72D15B6B600789E4C /* Products */,
			);
			sourceTree = "<group>";
		};
		08E994E72D15B6B600789E4C /* Products */ = {
			isa = PBXGroup;
			children = (
				08E994E62D15B6B600789E4C /* will_prj.app */,
				08E994F62D15B6B800789E4C /* will_prjTests.xctest */,
				08E995002D15B6B800789E4C /* will_prjUITests.xctest */,
				08A1C51E2D32CC8200B1F14E /* GroupActivityExtension.appex */,
			);
			name = Products;
			sourceTree = "<group>";
		};
/* End PBXGroup section */

/* Begin PBXNativeTarget section */
		08A1C51D2D32CC8200B1F14E /* GroupActivityExtension */ = {
			isa = PBXNativeTarget;
			buildConfigurationList = 08A1C52F2D32CC8400B1F14E /* Build configuration list for PBXNativeTarget "GroupActivityExtension" */;
			buildPhases = (
				08A1C51A2D32CC8200B1F14E /* Sources */,
				08A1C51B2D32CC8200B1F14E /* Frameworks */,
				08A1C51C2D32CC8200B1F14E /* Resources */,
			);
			buildRules = (
			);
			dependencies = (
			);
			fileSystemSynchronizedGroups = (
				08A1C5212D32CC8200B1F14E /* GroupActivity */,
			);
			name = GroupActivityExtension;
			packageProductDependencies = (
			);
			productName = GroupActivityExtension;
			productReference = 08A1C51E2D32CC8200B1F14E /* GroupActivityExtension.appex */;
			productType = "com.apple.product-type.app-extension";
		};
		08E994E52D15B6B600789E4C /* will_prj */ = {
			isa = PBXNativeTarget;
			buildConfigurationList = 08E9950A2D15B6B800789E4C /* Build configuration list for PBXNativeTarget "will_prj" */;
			buildPhases = (
				08E994E22D15B6B600789E4C /* Sources */,
				08E994E32D15B6B600789E4C /* Frameworks */,
				08E994E42D15B6B600789E4C /* Resources */,
				08A1C44E2D32963D00B1F14E /* Embed Foundation Extensions */,
			);
			buildRules = (
			);
			dependencies = (
				08A1C52C2D32CC8400B1F14E /* PBXTargetDependency */,
			);
			fileSystemSynchronizedGroups = (
				08E994E82D15B6B600789E4C /* will_prj */,
			);
			name = will_prj;
			packageProductDependencies = (
				08A1C33C2D1D06D400B1F14E /* FirebaseFirestore */,
				08A1C3402D1D06E100B1F14E /* FirebaseAuth */,
				08A1C34D2D216F6700B1F14E /* Cloudinary */,
				08C010672D36E6380010F0A7 /* FirebaseMessaging */,
			);
			productName = will_prj;
			productReference = 08E994E62D15B6B600789E4C /* will_prj.app */;
			productType = "com.apple.product-type.application";
		};
		08E994F52D15B6B800789E4C /* will_prjTests */ = {
			isa = PBXNativeTarget;
			buildConfigurationList = 08E9950D2D15B6B800789E4C /* Build configuration list for PBXNativeTarget "will_prjTests" */;
			buildPhases = (
				08E994F22D15B6B800789E4C /* Sources */,
				08E994F32D15B6B800789E4C /* Frameworks */,
				08E994F42D15B6B800789E4C /* Resources */,
			);
			buildRules = (
			);
			dependencies = (
				08E994F82D15B6B800789E4C /* PBXTargetDependency */,
			);
			fileSystemSynchronizedGroups = (
				08E994F92D15B6B800789E4C /* will_prjTests */,
			);
			name = will_prjTests;
			packageProductDependencies = (
			);
			productName = will_prjTests;
			productReference = 08E994F62D15B6B800789E4C /* will_prjTests.xctest */;
			productType = "com.apple.product-type.bundle.unit-test";
		};
		08E994FF2D15B6B800789E4C /* will_prjUITests */ = {
			isa = PBXNativeTarget;
			buildConfigurationList = 08E995102D15B6B800789E4C /* Build configuration list for PBXNativeTarget "will_prjUITests" */;
			buildPhases = (
				08E994FC2D15B6B800789E4C /* Sources */,
				08E994FD2D15B6B800789E4C /* Frameworks */,
				08E994FE2D15B6B800789E4C /* Resources */,
			);
			buildRules = (
			);
			dependencies = (
				08E995022D15B6B800789E4C /* PBXTargetDependency */,
			);
			fileSystemSynchronizedGroups = (
				08E995032D15B6B800789E4C /* will_prjUITests */,
			);
			name = will_prjUITests;
			packageProductDependencies = (
			);
			productName = will_prjUITests;
			productReference = 08E995002D15B6B800789E4C /* will_prjUITests.xctest */;
			productType = "com.apple.product-type.bundle.ui-testing";
		};
/* End PBXNativeTarget section */

/* Begin PBXProject section */
		08E994DE2D15B6B600789E4C /* Project object */ = {
			isa = PBXProject;
			attributes = {
				BuildIndependentTargetsInParallel = 1;
				LastSwiftUpdateCheck = 1610;
				LastUpgradeCheck = 1610;
				TargetAttributes = {
					08A1C51D2D32CC8200B1F14E = {
						CreatedOnToolsVersion = 16.1;
					};
					08E994E52D15B6B600789E4C = {
						CreatedOnToolsVersion = 16.1;
					};
					08E994F52D15B6B800789E4C = {
						CreatedOnToolsVersion = 16.1;
						TestTargetID = 08E994E52D15B6B600789E4C;
					};
					08E994FF2D15B6B800789E4C = {
						CreatedOnToolsVersion = 16.1;
						TestTargetID = 08E994E52D15B6B600789E4C;
					};
				};
			};
			buildConfigurationList = 08E994E12D15B6B600789E4C /* Build configuration list for PBXProject "will_prj" */;
			developmentRegion = en;
			hasScannedForEncodings = 0;
			knownRegions = (
				en,
				Base,
			);
			mainGroup = 08E994DD2D15B6B600789E4C;
			minimizedProjectReferenceProxies = 1;
			packageReferences = (
				08E9956E2D1B306200789E4C /* XCRemoteSwiftPackageReference "firebase-ios-sdk" */,
				08A1C34C2D216F6700B1F14E /* XCRemoteSwiftPackageReference "cloudinary_ios" */,
			);
			preferredProjectObjectVersion = 77;
			productRefGroup = 08E994E72D15B6B600789E4C /* Products */;
			projectDirPath = "";
			projectRoot = "";
			targets = (
				08E994E52D15B6B600789E4C /* will_prj */,
				08E994F52D15B6B800789E4C /* will_prjTests */,
				08E994FF2D15B6B800789E4C /* will_prjUITests */,
				08A1C51D2D32CC8200B1F14E /* GroupActivityExtension */,
			);
		};
/* End PBXProject section */

/* Begin PBXResourcesBuildPhase section */
		08A1C51C2D32CC8200B1F14E /* Resources */ = {
			isa = PBXResourcesBuildPhase;
			buildActionMask = 2147483647;
			files = (
			);
			runOnlyForDeploymentPostprocessing = 0;
		};
		08E994E42D15B6B600789E4C /* Resources */ = {
			isa = PBXResourcesBuildPhase;
			buildActionMask = 2147483647;
			files = (
			);
			runOnlyForDeploymentPostprocessing = 0;
		};
		08E994F42D15B6B800789E4C /* Resources */ = {
			isa = PBXResourcesBuildPhase;
			buildActionMask = 2147483647;
			files = (
			);
			runOnlyForDeploymentPostprocessing = 0;
		};
		08E994FE2D15B6B800789E4C /* Resources */ = {
			isa = PBXResourcesBuildPhase;
			buildActionMask = 2147483647;
			files = (
			);
			runOnlyForDeploymentPostprocessing = 0;
		};
/* End PBXResourcesBuildPhase section */

/* Begin PBXSourcesBuildPhase section */
		08A1C51A2D32CC8200B1F14E /* Sources */ = {
			isa = PBXSourcesBuildPhase;
			buildActionMask = 2147483647;
			files = (
			);
			runOnlyForDeploymentPostprocessing = 0;
		};
		08E994E22D15B6B600789E4C /* Sources */ = {
			isa = PBXSourcesBuildPhase;
			buildActionMask = 2147483647;
			files = (
			);
			runOnlyForDeploymentPostprocessing = 0;
		};
		08E994F22D15B6B800789E4C /* Sources */ = {
			isa = PBXSourcesBuildPhase;
			buildActionMask = 2147483647;
			files = (
			);
			runOnlyForDeploymentPostprocessing = 0;
		};
		08E994FC2D15B6B800789E4C /* Sources */ = {
			isa = PBXSourcesBuildPhase;
			buildActionMask = 2147483647;
			files = (
			);
			runOnlyForDeploymentPostprocessing = 0;
		};
/* End PBXSourcesBuildPhase section */

/* Begin PBXTargetDependency section */
		08A1C52C2D32CC8400B1F14E /* PBXTargetDependency */ = {
			isa = PBXTargetDependency;
			target = 08A1C51D2D32CC8200B1F14E /* GroupActivityExtension */;
			targetProxy = 08A1C52B2D32CC8400B1F14E /* PBXContainerItemProxy */;
		};
		08E994F82D15B6B800789E4C /* PBXTargetDependency */ = {
			isa = PBXTargetDependency;
			target = 08E994E52D15B6B600789E4C /* will_prj */;
			targetProxy = 08E994F72D15B6B800789E4C /* PBXContainerItemProxy */;
		};
		08E995022D15B6B800789E4C /* PBXTargetDependency */ = {
			isa = PBXTargetDependency;
			target = 08E994E52D15B6B600789E4C /* will_prj */;
			targetProxy = 08E995012D15B6B800789E4C /* PBXContainerItemProxy */;
		};
/* End PBXTargetDependency section */

/* Begin XCBuildConfiguration section */
		08A1C5302D32CC8400B1F14E /* Debug */ = {
			isa = XCBuildConfiguration;
			buildSettings = {
				ASSETCATALOG_COMPILER_GLOBAL_ACCENT_COLOR_NAME = AccentColor;
				ASSETCATALOG_COMPILER_WIDGET_BACKGROUND_COLOR_NAME = WidgetBackground;
				CODE_SIGN_STYLE = Automatic;
				CURRENT_PROJECT_VERSION = 1;
				DEVELOPMENT_TEAM = 88JQJLT29G;
				GENERATE_INFOPLIST_FILE = YES;
				INFOPLIST_FILE = GroupActivity/Info.plist;
				INFOPLIST_KEY_CFBundleDisplayName = GroupActivity;
				INFOPLIST_KEY_NSHumanReadableCopyright = "";
				LD_RUNPATH_SEARCH_PATHS = (
					"$(inherited)",
					"@executable_path/Frameworks",
					"@executable_path/../../Frameworks",
				);
				MARKETING_VERSION = 1.0;
				PRODUCT_BUNDLE_IDENTIFIER = "com.itp4206.will-prj.GroupActivity";
				PRODUCT_NAME = "$(TARGET_NAME)";
				SKIP_INSTALL = YES;
				SWIFT_EMIT_LOC_STRINGS = YES;
				SWIFT_VERSION = 5.0;
				TARGETED_DEVICE_FAMILY = "1,2";
			};
			name = Debug;
		};
		08A1C5312D32CC8400B1F14E /* Release */ = {
			isa = XCBuildConfiguration;
			buildSettings = {
				ASSETCATALOG_COMPILER_GLOBAL_ACCENT_COLOR_NAME = AccentColor;
				ASSETCATALOG_COMPILER_WIDGET_BACKGROUND_COLOR_NAME = WidgetBackground;
				CODE_SIGN_STYLE = Automatic;
				CURRENT_PROJECT_VERSION = 1;
				DEVELOPMENT_TEAM = 88JQJLT29G;
				GENERATE_INFOPLIST_FILE = YES;
				INFOPLIST_FILE = GroupActivity/Info.plist;
				INFOPLIST_KEY_CFBundleDisplayName = GroupActivity;
				INFOPLIST_KEY_NSHumanReadableCopyright = "";
				LD_RUNPATH_SEARCH_PATHS = (
					"$(inherited)",
					"@executable_path/Frameworks",
					"@executable_path/../../Frameworks",
				);
				MARKETING_VERSION = 1.0;
				PRODUCT_BUNDLE_IDENTIFIER = "com.itp4206.will-prj.GroupActivity";
				PRODUCT_NAME = "$(TARGET_NAME)";
				SKIP_INSTALL = YES;
				SWIFT_EMIT_LOC_STRINGS = YES;
				SWIFT_VERSION = 5.0;
				TARGETED_DEVICE_FAMILY = "1,2";
			};
			name = Release;
		};
		08E995082D15B6B800789E4C /* Debug */ = {
			isa = XCBuildConfiguration;
			buildSettings = {
				ALWAYS_SEARCH_USER_PATHS = NO;
				ASSETCATALOG_COMPILER_GENERATE_SWIFT_ASSET_SYMBOL_EXTENSIONS = YES;
				CLANG_ANALYZER_NONNULL = YES;
				CLANG_ANALYZER_NUMBER_OBJECT_CONVERSION = YES_AGGRESSIVE;
				CLANG_CXX_LANGUAGE_STANDARD = "gnu++20";
				CLANG_ENABLE_MODULES = YES;
				CLANG_ENABLE_OBJC_ARC = YES;
				CLANG_ENABLE_OBJC_WEAK = YES;
				CLANG_WARN_BLOCK_CAPTURE_AUTORELEASING = YES;
				CLANG_WARN_BOOL_CONVERSION = YES;
				CLANG_WARN_COMMA = YES;
				CLANG_WARN_CONSTANT_CONVERSION = YES;
				CLANG_WARN_DEPRECATED_OBJC_IMPLEMENTATIONS = YES;
				CLANG_WARN_DIRECT_OBJC_ISA_USAGE = YES_ERROR;
				CLANG_WARN_DOCUMENTATION_COMMENTS = YES;
				CLANG_WARN_EMPTY_BODY = YES;
				CLANG_WARN_ENUM_CONVERSION = YES;
				CLANG_WARN_INFINITE_RECURSION = YES;
				CLANG_WARN_INT_CONVERSION = YES;
				CLANG_WARN_NON_LITERAL_NULL_CONVERSION = YES;
				CLANG_WARN_OBJC_IMPLICIT_RETAIN_SELF = YES;
				CLANG_WARN_OBJC_LITERAL_CONVERSION = YES;
				CLANG_WARN_OBJC_ROOT_CLASS = YES_ERROR;
				CLANG_WARN_QUOTED_INCLUDE_IN_FRAMEWORK_HEADER = YES;
				CLANG_WARN_RANGE_LOOP_ANALYSIS = YES;
				CLANG_WARN_STRICT_PROTOTYPES = YES;
				CLANG_WARN_SUSPICIOUS_MOVE = YES;
				CLANG_WARN_UNGUARDED_AVAILABILITY = YES_AGGRESSIVE;
				CLANG_WARN_UNREACHABLE_CODE = YES;
				CLANG_WARN__DUPLICATE_METHOD_MATCH = YES;
				COPY_PHASE_STRIP = NO;
				DEBUG_INFORMATION_FORMAT = dwarf;
				ENABLE_STRICT_OBJC_MSGSEND = YES;
				ENABLE_TESTABILITY = YES;
				ENABLE_USER_SCRIPT_SANDBOXING = YES;
				GCC_C_LANGUAGE_STANDARD = gnu17;
				GCC_DYNAMIC_NO_PIC = NO;
				GCC_NO_COMMON_BLOCKS = YES;
				GCC_OPTIMIZATION_LEVEL = 0;
				GCC_PREPROCESSOR_DEFINITIONS = (
					"DEBUG=1",
					"$(inherited)",
				);
				GCC_WARN_64_TO_32_BIT_CONVERSION = YES;
				GCC_WARN_ABOUT_RETURN_TYPE = YES_ERROR;
				GCC_WARN_UNDECLARED_SELECTOR = YES;
				GCC_WARN_UNINITIALIZED_AUTOS = YES_AGGRESSIVE;
				GCC_WARN_UNUSED_FUNCTION = YES;
				GCC_WARN_UNUSED_VARIABLE = YES;
				IPHONEOS_DEPLOYMENT_TARGET = 18.1;
				LOCALIZATION_PREFERS_STRING_CATALOGS = YES;
				MTL_ENABLE_DEBUG_INFO = INCLUDE_SOURCE;
				MTL_FAST_MATH = YES;
				ONLY_ACTIVE_ARCH = YES;
				SDKROOT = iphoneos;
				SWIFT_ACTIVE_COMPILATION_CONDITIONS = "DEBUG $(inherited)";
				SWIFT_OPTIMIZATION_LEVEL = "-Onone";
			};
			name = Debug;
		};
		08E995092D15B6B800789E4C /* Release */ = {
			isa = XCBuildConfiguration;
			buildSettings = {
				ALWAYS_SEARCH_USER_PATHS = NO;
				ASSETCATALOG_COMPILER_GENERATE_SWIFT_ASSET_SYMBOL_EXTENSIONS = YES;
				CLANG_ANALYZER_NONNULL = YES;
				CLANG_ANALYZER_NUMBER_OBJECT_CONVERSION = YES_AGGRESSIVE;
				CLANG_CXX_LANGUAGE_STANDARD = "gnu++20";
				CLANG_ENABLE_MODULES = YES;
				CLANG_ENABLE_OBJC_ARC = YES;
				CLANG_ENABLE_OBJC_WEAK = YES;
				CLANG_WARN_BLOCK_CAPTURE_AUTORELEASING = YES;
				CLANG_WARN_BOOL_CONVERSION = YES;
				CLANG_WARN_COMMA = YES;
				CLANG_WARN_CONSTANT_CONVERSION = YES;
				CLANG_WARN_DEPRECATED_OBJC_IMPLEMENTATIONS = YES;
				CLANG_WARN_DIRECT_OBJC_ISA_USAGE = YES_ERROR;
				CLANG_WARN_DOCUMENTATION_COMMENTS = YES;
				CLANG_WARN_EMPTY_BODY = YES;
				CLANG_WARN_ENUM_CONVERSION = YES;
				CLANG_WARN_INFINITE_RECURSION = YES;
				CLANG_WARN_INT_CONVERSION = YES;
				CLANG_WARN_NON_LITERAL_NULL_CONVERSION = YES;
				CLANG_WARN_OBJC_IMPLICIT_RETAIN_SELF = YES;
				CLANG_WARN_OBJC_LITERAL_CONVERSION = YES;
				CLANG_WARN_OBJC_ROOT_CLASS = YES_ERROR;
				CLANG_WARN_QUOTED_INCLUDE_IN_FRAMEWORK_HEADER = YES;
				CLANG_WARN_RANGE_LOOP_ANALYSIS = YES;
				CLANG_WARN_STRICT_PROTOTYPES = YES;
				CLANG_WARN_SUSPICIOUS_MOVE = YES;
				CLANG_WARN_UNGUARDED_AVAILABILITY = YES_AGGRESSIVE;
				CLANG_WARN_UNREACHABLE_CODE = YES;
				CLANG_WARN__DUPLICATE_METHOD_MATCH = YES;
				COPY_PHASE_STRIP = NO;
				DEBUG_INFORMATION_FORMAT = "dwarf-with-dsym";
				ENABLE_NS_ASSERTIONS = NO;
				ENABLE_STRICT_OBJC_MSGSEND = YES;
				ENABLE_USER_SCRIPT_SANDBOXING = YES;
				GCC_C_LANGUAGE_STANDARD = gnu17;
				GCC_NO_COMMON_BLOCKS = YES;
				GCC_WARN_64_TO_32_BIT_CONVERSION = YES;
				GCC_WARN_ABOUT_RETURN_TYPE = YES_ERROR;
				GCC_WARN_UNDECLARED_SELECTOR = YES;
				GCC_WARN_UNINITIALIZED_AUTOS = YES_AGGRESSIVE;
				GCC_WARN_UNUSED_FUNCTION = YES;
				GCC_WARN_UNUSED_VARIABLE = YES;
				IPHONEOS_DEPLOYMENT_TARGET = 18.1;
				LOCALIZATION_PREFERS_STRING_CATALOGS = YES;
				MTL_ENABLE_DEBUG_INFO = NO;
				MTL_FAST_MATH = YES;
				SDKROOT = iphoneos;
				SWIFT_COMPILATION_MODE = wholemodule;
				VALIDATE_PRODUCT = YES;
			};
			name = Release;
		};
		08E9950B2D15B6B800789E4C /* Debug */ = {
			isa = XCBuildConfiguration;
			buildSettings = {
				ASSETCATALOG_COMPILER_APPICON_NAME = AppIcon;
				ASSETCATALOG_COMPILER_GLOBAL_ACCENT_COLOR_NAME = AccentColor;
				ASSETCATALOG_COMPILER_INCLUDE_ALL_APPICON_ASSETS = YES;
				CODE_SIGN_STYLE = Automatic;
				CURRENT_PROJECT_VERSION = 1;
				DEVELOPMENT_ASSET_PATHS = "\"will_prj/Preview Content\"";
				DEVELOPMENT_TEAM = 88JQJLT29G;
				ENABLE_PREVIEWS = YES;
				GENERATE_INFOPLIST_FILE = YES;
				INFOPLIST_FILE = "will-prj-Info.plist";
				INFOPLIST_KEY_CFBundleDisplayName = "";
				INFOPLIST_KEY_LSApplicationCategoryType = "";
				INFOPLIST_KEY_NSFaceIDUsageDescription = "";
				INFOPLIST_KEY_NSHumanReadableCopyright = "";
				INFOPLIST_KEY_NSLocalNetworkUsageDescription = "";
				INFOPLIST_KEY_NSLocationAlwaysAndWhenInUseUsageDescription = "";
				INFOPLIST_KEY_NSLocationAlwaysUsageDescription = "";
				INFOPLIST_KEY_NSLocationWhenInUseUsageDescription = "";
				INFOPLIST_KEY_NSPhotoLibraryUsageDescription = "";
				INFOPLIST_KEY_NSSupportsLiveActivities = YES;
				INFOPLIST_KEY_UIApplicationSceneManifest_Generation = YES;
				INFOPLIST_KEY_UIApplicationSupportsIndirectInputEvents = YES;
				INFOPLIST_KEY_UILaunchScreen_Generation = YES;
				INFOPLIST_KEY_UISupportedInterfaceOrientations_iPad = "UIInterfaceOrientationPortrait UIInterfaceOrientationPortraitUpsideDown UIInterfaceOrientationLandscapeLeft UIInterfaceOrientationLandscapeRight";
				INFOPLIST_KEY_UISupportedInterfaceOrientations_iPhone = "UIInterfaceOrientationPortrait UIInterfaceOrientationLandscapeLeft UIInterfaceOrientationLandscapeRight";
				LD_RUNPATH_SEARCH_PATHS = (
					"$(inherited)",
					"@executable_path/Frameworks",
				);
				MARKETING_VERSION = 1.0;
				PRODUCT_BUNDLE_IDENTIFIER = "com.itp4206.will-prj";
				PRODUCT_NAME = "$(TARGET_NAME)";
				SWIFT_EMIT_LOC_STRINGS = YES;
				SWIFT_VERSION = 5.0;
				TARGETED_DEVICE_FAMILY = "1,2";
			};
			name = Debug;
		};
		08E9950C2D15B6B800789E4C /* Release */ = {
			isa = XCBuildConfiguration;
			buildSettings = {
				ASSETCATALOG_COMPILER_APPICON_NAME = AppIcon;
				ASSETCATALOG_COMPILER_GLOBAL_ACCENT_COLOR_NAME = AccentColor;
				ASSETCATALOG_COMPILER_INCLUDE_ALL_APPICON_ASSETS = YES;
				CODE_SIGN_STYLE = Automatic;
				CURRENT_PROJECT_VERSION = 1;
				DEVELOPMENT_ASSET_PATHS = "\"will_prj/Preview Content\"";
				DEVELOPMENT_TEAM = 88JQJLT29G;
				ENABLE_PREVIEWS = YES;
				GENERATE_INFOPLIST_FILE = YES;
				INFOPLIST_FILE = "will-prj-Info.plist";
				INFOPLIST_KEY_CFBundleDisplayName = "";
				INFOPLIST_KEY_LSApplicationCategoryType = "";
				INFOPLIST_KEY_NSFaceIDUsageDescription = "";
				INFOPLIST_KEY_NSHumanReadableCopyright = "";
				INFOPLIST_KEY_NSLocalNetworkUsageDescription = "";
				INFOPLIST_KEY_NSLocationAlwaysAndWhenInUseUsageDescription = "";
				INFOPLIST_KEY_NSLocationAlwaysUsageDescription = "";
				INFOPLIST_KEY_NSLocationWhenInUseUsageDescription = "";
				INFOPLIST_KEY_NSPhotoLibraryUsageDescription = "";
				INFOPLIST_KEY_NSSupportsLiveActivities = YES;
				INFOPLIST_KEY_UIApplicationSceneManifest_Generation = YES;
				INFOPLIST_KEY_UIApplicationSupportsIndirectInputEvents = YES;
				INFOPLIST_KEY_UILaunchScreen_Generation = YES;
				INFOPLIST_KEY_UISupportedInterfaceOrientations_iPad = "UIInterfaceOrientationPortrait UIInterfaceOrientationPortraitUpsideDown UIInterfaceOrientationLandscapeLeft UIInterfaceOrientationLandscapeRight";
				INFOPLIST_KEY_UISupportedInterfaceOrientations_iPhone = "UIInterfaceOrientationPortrait UIInterfaceOrientationLandscapeLeft UIInterfaceOrientationLandscapeRight";
				LD_RUNPATH_SEARCH_PATHS = (
					"$(inherited)",
					"@executable_path/Frameworks",
				);
				MARKETING_VERSION = 1.0;
				PRODUCT_BUNDLE_IDENTIFIER = "com.itp4206.will-prj";
				PRODUCT_NAME = "$(TARGET_NAME)";
				SWIFT_EMIT_LOC_STRINGS = YES;
				SWIFT_VERSION = 5.0;
				TARGETED_DEVICE_FAMILY = "1,2";
			};
			name = Release;
		};
		08E9950E2D15B6B800789E4C /* Debug */ = {
			isa = XCBuildConfiguration;
			buildSettings = {
				BUNDLE_LOADER = "$(TEST_HOST)";
				CODE_SIGN_STYLE = Automatic;
				CURRENT_PROJECT_VERSION = 1;
				GENERATE_INFOPLIST_FILE = YES;
				IPHONEOS_DEPLOYMENT_TARGET = 18.1;
				MARKETING_VERSION = 1.0;
				PRODUCT_BUNDLE_IDENTIFIER = "com.itp4206.will-prjTests";
				PRODUCT_NAME = "$(TARGET_NAME)";
				SWIFT_EMIT_LOC_STRINGS = NO;
				SWIFT_VERSION = 5.0;
				TARGETED_DEVICE_FAMILY = "1,2";
				TEST_HOST = "$(BUILT_PRODUCTS_DIR)/will_prj.app/$(BUNDLE_EXECUTABLE_FOLDER_PATH)/will_prj";
			};
			name = Debug;
		};
		08E9950F2D15B6B800789E4C /* Release */ = {
			isa = XCBuildConfiguration;
			buildSettings = {
				BUNDLE_LOADER = "$(TEST_HOST)";
				CODE_SIGN_STYLE = Automatic;
				CURRENT_PROJECT_VERSION = 1;
				GENERATE_INFOPLIST_FILE = YES;
				IPHONEOS_DEPLOYMENT_TARGET = 18.1;
				MARKETING_VERSION = 1.0;
				PRODUCT_BUNDLE_IDENTIFIER = "com.itp4206.will-prjTests";
				PRODUCT_NAME = "$(TARGET_NAME)";
				SWIFT_EMIT_LOC_STRINGS = NO;
				SWIFT_VERSION = 5.0;
				TARGETED_DEVICE_FAMILY = "1,2";
				TEST_HOST = "$(BUILT_PRODUCTS_DIR)/will_prj.app/$(BUNDLE_EXECUTABLE_FOLDER_PATH)/will_prj";
			};
			name = Release;
		};
		08E995112D15B6B800789E4C /* Debug */ = {
			isa = XCBuildConfiguration;
			buildSettings = {
				CODE_SIGN_STYLE = Automatic;
				CURRENT_PROJECT_VERSION = 1;
				GENERATE_INFOPLIST_FILE = YES;
				MARKETING_VERSION = 1.0;
				PRODUCT_BUNDLE_IDENTIFIER = "com.itp4206.will-prjUITests";
				PRODUCT_NAME = "$(TARGET_NAME)";
				SWIFT_EMIT_LOC_STRINGS = NO;
				SWIFT_VERSION = 5.0;
				TARGETED_DEVICE_FAMILY = "1,2";
				TEST_TARGET_NAME = will_prj;
			};
			name = Debug;
		};
		08E995122D15B6B800789E4C /* Release */ = {
			isa = XCBuildConfiguration;
			buildSettings = {
				CODE_SIGN_STYLE = Automatic;
				CURRENT_PROJECT_VERSION = 1;
				GENERATE_INFOPLIST_FILE = YES;
				MARKETING_VERSION = 1.0;
				PRODUCT_BUNDLE_IDENTIFIER = "com.itp4206.will-prjUITests";
				PRODUCT_NAME = "$(TARGET_NAME)";
				SWIFT_EMIT_LOC_STRINGS = NO;
				SWIFT_VERSION = 5.0;
				TARGETED_DEVICE_FAMILY = "1,2";
				TEST_TARGET_NAME = will_prj;
			};
			name = Release;
		};
/* End XCBuildConfiguration section */

/* Begin XCConfigurationList section */
		08A1C52F2D32CC8400B1F14E /* Build configuration list for PBXNativeTarget "GroupActivityExtension" */ = {
			isa = XCConfigurationList;
			buildConfigurations = (
				08A1C5302D32CC8400B1F14E /* Debug */,
				08A1C5312D32CC8400B1F14E /* Release */,
			);
			defaultConfigurationIsVisible = 0;
			defaultConfigurationName = Release;
		};
		08E994E12D15B6B600789E4C /* Build configuration list for PBXProject "will_prj" */ = {
			isa = XCConfigurationList;
			buildConfigurations = (
				08E995082D15B6B800789E4C /* Debug */,
				08E995092D15B6B800789E4C /* Release */,
			);
			defaultConfigurationIsVisible = 0;
			defaultConfigurationName = Release;
		};
		08E9950A2D15B6B800789E4C /* Build configuration list for PBXNativeTarget "will_prj" */ = {
			isa = XCConfigurationList;
			buildConfigurations = (
				08E9950B2D15B6B800789E4C /* Debug */,
				08E9950C2D15B6B800789E4C /* Release */,
			);
			defaultConfigurationIsVisible = 0;
			defaultConfigurationName = Release;
		};
		08E9950D2D15B6B800789E4C /* Build configuration list for PBXNativeTarget "will_prjTests" */ = {
			isa = XCConfigurationList;
			buildConfigurations = (
				08E9950E2D15B6B800789E4C /* Debug */,
				08E9950F2D15B6B800789E4C /* Release */,
			);
			defaultConfigurationIsVisible = 0;
			defaultConfigurationName = Release;
		};
		08E995102D15B6B800789E4C /* Build configuration list for PBXNativeTarget "will_prjUITests" */ = {
			isa = XCConfigurationList;
			buildConfigurations = (
				08E995112D15B6B800789E4C /* Debug */,
				08E995122D15B6B800789E4C /* Release */,
			);
			defaultConfigurationIsVisible = 0;
			defaultConfigurationName = Release;
		};
/* End XCConfigurationList section */

/* Begin XCRemoteSwiftPackageReference section */
		08A1C34C2D216F6700B1F14E /* XCRemoteSwiftPackageReference "cloudinary_ios" */ = {
			isa = XCRemoteSwiftPackageReference;
			repositoryURL = "https://github.com/cloudinary/cloudinary_ios.git";
			requirement = {
				kind = upToNextMajorVersion;
				minimumVersion = 5.1.0;
			};
		};
		08E9956E2D1B306200789E4C /* XCRemoteSwiftPackageReference "firebase-ios-sdk" */ = {
			isa = XCRemoteSwiftPackageReference;
			repositoryURL = "https://github.com/firebase/firebase-ios-sdk";
			requirement = {
				kind = upToNextMajorVersion;
				minimumVersion = 11.6.0;
			};
		};
/* End XCRemoteSwiftPackageReference section */

/* Begin XCSwiftPackageProductDependency section */
		08A1C33C2D1D06D400B1F14E /* FirebaseFirestore */ = {
			isa = XCSwiftPackageProductDependency;
			package = 08E9956E2D1B306200789E4C /* XCRemoteSwiftPackageReference "firebase-ios-sdk" */;
			productName = FirebaseFirestore;
		};
		08A1C3402D1D06E100B1F14E /* FirebaseAuth */ = {
			isa = XCSwiftPackageProductDependency;
			package = 08E9956E2D1B306200789E4C /* XCRemoteSwiftPackageReference "firebase-ios-sdk" */;
			productName = FirebaseAuth;
		};
		08A1C34D2D216F6700B1F14E /* Cloudinary */ = {
			isa = XCSwiftPackageProductDependency;
			package = 08A1C34C2D216F6700B1F14E /* XCRemoteSwiftPackageReference "cloudinary_ios" */;
			productName = Cloudinary;
		};
		08C010672D36E6380010F0A7 /* FirebaseMessaging */ = {
			isa = XCSwiftPackageProductDependency;
			package = 08E9956E2D1B306200789E4C /* XCRemoteSwiftPackageReference "firebase-ios-sdk" */;
			productName = FirebaseMessaging;
		};
/* End XCSwiftPackageProductDependency section */
	};
	rootObject = 08E994DE2D15B6B600789E4C /* Project object */;
}
